
Microsoft Visual Studio Solution File, Format Version 12.00
# Visual Studio Version 17
VisualStudioVersion = 17.8.34330.188
MinimumVisualStudioVersion = 10.0.40219.1
Project("{9A19103F-16F7-4668-BE54-9A1E7A4F7556}") = "API", "API\API.csproj", "{5359DF10-D765-4813-A827-7392B720C27D}"
EndProject
Project("{9A19103F-16F7-4668-BE54-9A1E7A4F7556}") = "DBL", "DBL\DBL.csproj", "{28382434-8056-49FC-B60E-3F0E82D4E815}"
EndProject
Project("{E53339B2-1760-4266-BCC7-CA923CBCF16C}") = "docker-compose", "docker-compose.dcproj", "{7FDA5AE2-CD91-456D-98A5-2BEFE0FE183E}"
EndProject
Global
	GlobalSection(SolutionConfigurationPlatforms) = preSolution
		Debug|Any CPU = Debug|Any CPU
		Release|Any CPU = Release|Any CPU
	EndGlobalSection
	GlobalSection(ProjectConfigurationPlatforms) = postSolution
		{5359DF10-D765-4813-A827-7392B720C27D}.Debug|Any CPU.ActiveCfg = Debug|Any CPU
		{5359DF10-D765-4813-A827-7392B720C27D}.Debug|Any CPU.Build.0 = Debug|Any CPU
		{5359DF10-D765-4813-A827-7392B720C27D}.Release|Any CPU.ActiveCfg = Release|Any CPU
		{5359DF10-D765-4813-A827-7392B720C27D}.Release|Any CPU.Build.0 = Release|Any CPU
		{28382434-8056-49FC-B60E-3F0E82D4E815}.Debug|Any CPU.ActiveCfg = Debug|Any CPU
		{28382434-8056-49FC-B60E-3F0E82D4E815}.Debug|Any CPU.Build.0 = Debug|Any CPU
		{28382434-8056-49FC-B60E-3F0E82D4E815}.Release|Any CPU.ActiveCfg = Release|Any CPU
		{28382434-8056-49FC-B60E-3F0E82D4E815}.Release|Any CPU.Build.0 = Release|Any CPU
		{7FDA5AE2-CD91-456D-98A5-2BEFE0FE183E}.Debug|Any CPU.ActiveCfg = Debug|Any CPU
		{7FDA5AE2-CD91-456D-98A5-2BEFE0FE183E}.Debug|Any CPU.Build.0 = Debug|Any CPU
		{7FDA5AE2-CD91-456D-98A5-2BEFE0FE183E}.Release|Any CPU.ActiveCfg = Release|Any CPU
		{7FDA5AE2-CD91-456D-98A5-2BEFE0FE183E}.Release|Any CPU.Build.0 = Release|Any CPU
	EndGlobalSection
	GlobalSection(SolutionProperties) = preSolution
		HideSolutionNode = FALSE
	EndGlobalSection
	GlobalSection(ExtensibilityGlobals) = postSolution
		SolutionGuid = {1C56379D-601E-446C-8382-3DB5E28BC447}
	EndGlobalSection
EndGlobal
